
Microsoft Visual Studio Solution File, Format Version 12.00
# Visual Studio Version 16
VisualStudioVersion = 16.0.31410.357
MinimumVisualStudioVersion = 10.0.40219.1
Project("{FAE04EC0-301F-11D3-BF4B-00C04F79EFBC}") = "BoutiqueCsharp", "BoutiqueCsharp.csproj", "{A2D87129-9777-4ECB-9389-1E439D9D157B}"
EndProject
Global
	GlobalSection(SolutionConfigurationPlatforms) = preSolution
		Debug|Any CPU = Debug|Any CPU
		Release|Any CPU = Release|Any CPU
	EndGlobalSection
	GlobalSection(ProjectConfigurationPlatforms) = postSolution
		{A2D87129-9777-4ECB-9389-1E439D9D157B}.Debug|Any CPU.ActiveCfg = Debug|Any CPU
		{A2D87129-9777-4ECB-9389-1E439D9D157B}.Debug|Any CPU.Build.0 = Debug|Any CPU
		{A2D87129-9777-4ECB-9389-1E439D9D157B}.Release|Any CPU.ActiveCfg = Release|Any CPU
		{A2D87129-9777-4ECB-9389-1E439D9D157B}.Release|Any CPU.Build.0 = Release|Any CPU
	EndGlobalSection
	GlobalSection(SolutionProperties) = preSolution
		HideSolutionNode = FALSE
	EndGlobalSection
	GlobalSection(ExtensibilityGlobals) = postSolution
		SolutionGuid = {E6B95997-EC94-4ACB-A9F9-7F96731B8EDD}
	EndGlobalSection
EndGlobal
